
Microsoft Visual Studio Solution File, Format Version 12.00
# Visual Studio Version 16
VisualStudioVersion = 16.0.30011.22
MinimumVisualStudioVersion = 10.0.40219.1
Project("{9A19103F-16F7-4668-BE54-9A1E7A4F7556}") = "Planning", "Planning\Planning.csproj", "{EE0FE85B-EBC8-4B7D-80A4-23E6F04ABABC}"
EndProject
Project("{9A19103F-16F7-4668-BE54-9A1E7A4F7556}") = "DB", "DB\DB.csproj", "{53E49120-9914-412E-9065-88C0CB6696A8}"
EndProject
Project("{9A19103F-16F7-4668-BE54-9A1E7A4F7556}") = "Service", "Service\Service.csproj", "{EED5E367-E3E9-436D-8967-91D002BFDED6}"
EndProject
Project("{FAE04EC0-301F-11D3-BF4B-00C04F79EFBC}") = "Project", "Client\Project.csproj", "{ED882BB3-7AE9-4AE9-BCA9-885754D1AD08}"
EndProject
Project("{9A19103F-16F7-4668-BE54-9A1E7A4F7556}") = "Common", "Common\Common.csproj", "{285D0399-DA8C-4860-A7C0-7B3890E97FCC}"
EndProject
Project("{9A19103F-16F7-4668-BE54-9A1E7A4F7556}") = "DbClient", "DbClient\DbClient.csproj", "{740A2E39-8EF9-48BB-BFF5-34A23A2C20F8}"
EndProject
Project("{9A19103F-16F7-4668-BE54-9A1E7A4F7556}") = "Deploy", "Deploy\Deploy.csproj", "{4F280D86-D659-479C-AB81-7F3E6F3A11DF}"
EndProject
Project("{9A19103F-16F7-4668-BE54-9A1E7A4F7556}") = "Contracts", "Contracts\Contracts.csproj", "{2F7869B5-A2E3-4A29-9FFB-6E34629863BB}"
EndProject
Project("{9A19103F-16F7-4668-BE54-9A1E7A4F7556}") = "ClientHttpClient", "ClientHttpClient\ClientHttpClient.csproj", "{54A77E4B-D597-4386-A53E-391077E43AC4}"
EndProject
Project("{9A19103F-16F7-4668-BE54-9A1E7A4F7556}") = "UnitTests", "UnitTests\UnitTests.csproj", "{F92F5EE6-E8AD-4D69-A729-865DE9FD4952}"
EndProject
Project("{FAE04EC0-301F-11D3-BF4B-00C04F79EFBC}") = "Migrator", "Migrator\Migrator.csproj", "{5FD2F445-3178-4CF8-9B1A-ADBBB35BB873}"
EndProject
Global
	GlobalSection(SolutionConfigurationPlatforms) = preSolution
		Debug|Any CPU = Debug|Any CPU
		Release|Any CPU = Release|Any CPU
	EndGlobalSection
	GlobalSection(ProjectConfigurationPlatforms) = postSolution
		{EE0FE85B-EBC8-4B7D-80A4-23E6F04ABABC}.Debug|Any CPU.ActiveCfg = Debug|Any CPU
		{EE0FE85B-EBC8-4B7D-80A4-23E6F04ABABC}.Debug|Any CPU.Build.0 = Debug|Any CPU
		{EE0FE85B-EBC8-4B7D-80A4-23E6F04ABABC}.Release|Any CPU.ActiveCfg = Release|Any CPU
		{EE0FE85B-EBC8-4B7D-80A4-23E6F04ABABC}.Release|Any CPU.Build.0 = Release|Any CPU
		{53E49120-9914-412E-9065-88C0CB6696A8}.Debug|Any CPU.ActiveCfg = Debug|Any CPU
		{53E49120-9914-412E-9065-88C0CB6696A8}.Debug|Any CPU.Build.0 = Debug|Any CPU
		{53E49120-9914-412E-9065-88C0CB6696A8}.Release|Any CPU.ActiveCfg = Release|Any CPU
		{53E49120-9914-412E-9065-88C0CB6696A8}.Release|Any CPU.Build.0 = Release|Any CPU
		{EED5E367-E3E9-436D-8967-91D002BFDED6}.Debug|Any CPU.ActiveCfg = Debug|Any CPU
		{EED5E367-E3E9-436D-8967-91D002BFDED6}.Debug|Any CPU.Build.0 = Debug|Any CPU
		{EED5E367-E3E9-436D-8967-91D002BFDED6}.Release|Any CPU.ActiveCfg = Release|Any CPU
		{EED5E367-E3E9-436D-8967-91D002BFDED6}.Release|Any CPU.Build.0 = Release|Any CPU
		{ED882BB3-7AE9-4AE9-BCA9-885754D1AD08}.Debug|Any CPU.ActiveCfg = Debug|Any CPU
		{ED882BB3-7AE9-4AE9-BCA9-885754D1AD08}.Debug|Any CPU.Build.0 = Debug|Any CPU
		{ED882BB3-7AE9-4AE9-BCA9-885754D1AD08}.Release|Any CPU.ActiveCfg = Release|Any CPU
		{ED882BB3-7AE9-4AE9-BCA9-885754D1AD08}.Release|Any CPU.Build.0 = Release|Any CPU
		{285D0399-DA8C-4860-A7C0-7B3890E97FCC}.Debug|Any CPU.ActiveCfg = Debug|Any CPU
		{285D0399-DA8C-4860-A7C0-7B3890E97FCC}.Debug|Any CPU.Build.0 = Debug|Any CPU
		{285D0399-DA8C-4860-A7C0-7B3890E97FCC}.Release|Any CPU.ActiveCfg = Release|Any CPU
		{285D0399-DA8C-4860-A7C0-7B3890E97FCC}.Release|Any CPU.Build.0 = Release|Any CPU
		{740A2E39-8EF9-48BB-BFF5-34A23A2C20F8}.Debug|Any CPU.ActiveCfg = Debug|Any CPU
		{740A2E39-8EF9-48BB-BFF5-34A23A2C20F8}.Debug|Any CPU.Build.0 = Debug|Any CPU
		{740A2E39-8EF9-48BB-BFF5-34A23A2C20F8}.Release|Any CPU.ActiveCfg = Release|Any CPU
		{740A2E39-8EF9-48BB-BFF5-34A23A2C20F8}.Release|Any CPU.Build.0 = Release|Any CPU
		{4F280D86-D659-479C-AB81-7F3E6F3A11DF}.Debug|Any CPU.ActiveCfg = Debug|Any CPU
		{4F280D86-D659-479C-AB81-7F3E6F3A11DF}.Debug|Any CPU.Build.0 = Debug|Any CPU
		{4F280D86-D659-479C-AB81-7F3E6F3A11DF}.Release|Any CPU.ActiveCfg = Release|Any CPU
		{4F280D86-D659-479C-AB81-7F3E6F3A11DF}.Release|Any CPU.Build.0 = Release|Any CPU
		{2F7869B5-A2E3-4A29-9FFB-6E34629863BB}.Debug|Any CPU.ActiveCfg = Debug|Any CPU
		{2F7869B5-A2E3-4A29-9FFB-6E34629863BB}.Debug|Any CPU.Build.0 = Debug|Any CPU
		{2F7869B5-A2E3-4A29-9FFB-6E34629863BB}.Release|Any CPU.ActiveCfg = Release|Any CPU
		{2F7869B5-A2E3-4A29-9FFB-6E34629863BB}.Release|Any CPU.Build.0 = Release|Any CPU
		{54A77E4B-D597-4386-A53E-391077E43AC4}.Debug|Any CPU.ActiveCfg = Debug|Any CPU
		{54A77E4B-D597-4386-A53E-391077E43AC4}.Debug|Any CPU.Build.0 = Debug|Any CPU
		{54A77E4B-D597-4386-A53E-391077E43AC4}.Release|Any CPU.ActiveCfg = Release|Any CPU
		{54A77E4B-D597-4386-A53E-391077E43AC4}.Release|Any CPU.Build.0 = Release|Any CPU
		{F92F5EE6-E8AD-4D69-A729-865DE9FD4952}.Debug|Any CPU.ActiveCfg = Debug|Any CPU
		{F92F5EE6-E8AD-4D69-A729-865DE9FD4952}.Debug|Any CPU.Build.0 = Debug|Any CPU
		{F92F5EE6-E8AD-4D69-A729-865DE9FD4952}.Release|Any CPU.ActiveCfg = Release|Any CPU
		{F92F5EE6-E8AD-4D69-A729-865DE9FD4952}.Release|Any CPU.Build.0 = Release|Any CPU
		{5FD2F445-3178-4CF8-9B1A-ADBBB35BB873}.Debug|Any CPU.ActiveCfg = Debug|Any CPU
		{5FD2F445-3178-4CF8-9B1A-ADBBB35BB873}.Debug|Any CPU.Build.0 = Debug|Any CPU
		{5FD2F445-3178-4CF8-9B1A-ADBBB35BB873}.Release|Any CPU.ActiveCfg = Release|Any CPU
		{5FD2F445-3178-4CF8-9B1A-ADBBB35BB873}.Release|Any CPU.Build.0 = Release|Any CPU
	EndGlobalSection
	GlobalSection(SolutionProperties) = preSolution
		HideSolutionNode = FALSE
	EndGlobalSection
	GlobalSection(ExtensibilityGlobals) = postSolution
		SolutionGuid = {4C4340E9-7183-44CB-9EC3-281EC5829A8D}
	EndGlobalSection
EndGlobal
